Microsoft Visual Studio Solution File, Format Version 12.00
# Visual Studio Version 17
VisualStudioVersion = 17.5.2.0
MinimumVisualStudioVersion = 10.0.40219.1
Project("{FAE04EC0-301F-11D3-BF4B-00C04F79EFBC}") = "PcMonitorHost", "PcMonitorHost\PcMonitorHost.csproj", "{A0517E42-9B9D-FB8C-155F-C32E547D0528}"
EndProject
Global
	GlobalSection(SolutionConfigurationPlatforms) = preSolution
		Debug|Any CPU = Debug|Any CPU
		Release|Any CPU = Release|Any CPU
	EndGlobalSection
	GlobalSection(ProjectConfigurationPlatforms) = postSolution
		{A0517E42-9B9D-FB8C-155F-C32E547D0528}.Debug|Any CPU.ActiveCfg = Debug|Any CPU
		{A0517E42-9B9D-FB8C-155F-C32E547D0528}.Debug|Any CPU.Build.0 = Debug|Any CPU
		{A0517E42-9B9D-FB8C-155F-C32E547D0528}.Release|Any CPU.ActiveCfg = Release|Any CPU
		{A0517E42-9B9D-FB8C-155F-C32E547D0528}.Release|Any CPU.Build.0 = Release|Any CPU
	EndGlobalSection
	GlobalSection(SolutionProperties) = preSolution
		HideSolutionNode = FALSE
	EndGlobalSection
	GlobalSection(ExtensibilityGlobals) = postSolution
		SolutionGuid = {3879B219-CD07-4948-BD8F-DD47FB6A0249}
	EndGlobalSection
EndGlobal
